PODS:
  - FlutterMacOS (1.0.0)
  - upi_payment_qrcode_generator (0.0.1):
    - FlutterMacOS

DEPENDENCIES:
  - FlutterMacOS (from `Flutter/ephemeral`)
  - upi_payment_qrcode_generator (from `Flutter/ephemeral/.symlinks/plugins/upi_payment_qrcode_generator/macos`)

EXTERNAL SOURCES:
  FlutterMacOS:
    :path: Flutter/ephemeral
  upi_payment_qrcode_generator:
    :path: Flutter/ephemeral/.symlinks/plugins/upi_payment_qrcode_generator/macos

SPEC CHECKSUMS:
  FlutterMacOS: 57701585bf7de1b3fc2bb61f6378d73bbdea8424
  upi_payment_qrcode_generator: 1e11379888fd53963457eb2f99136c2b6e5d90ec

PODFILE CHECKSUM: 6eac6b3292e5142cfc23bdeb71848a40ec51c14c

COCOAPODS: 1.11.3
